
Microsoft Visual Studio Solution File, Format Version 12.00
# Visual Studio 15
VisualStudioVersion = 15.0.27130.2024
MinimumVisualStudioVersion = 10.0.40219.1
Project("{9A19103F-16F7-4668-BE54-9A1E7A4F7556}") = "TraktSharp", "TraktSharp\TraktSharp.csproj", "{80324701-B0E5-49DB-9476-54D3DABB0740}"
EndProject
Project("{FAE04EC0-301F-11D3-BF4B-00C04F79EFBC}") = "TraktSharp.Examples.Wpf", "TraktSharp.Examples.Wpf\TraktSharp.Examples.Wpf.csproj", "{98EE9E37-B135-4C29-83AD-9529CB4D87E3}"
EndProject
Project("{FAE04EC0-301F-11D3-BF4B-00C04F79EFBC}") = "TraktSharp.Tests", "TraktSharp.Tests\TraktSharp.Tests.csproj", "{396089A0-9489-4EEF-A532-F99E95DD6D82}"
EndProject
Project("{2150E333-8FDC-42A3-9474-1A3956D46DE8}") = "Solution Items", "Solution Items", "{9D18E8C9-7273-44A9-9E00-ECE9ED51AE39}"
	ProjectSection(SolutionItems) = preProject
		README.md = README.md
	EndProjectSection
EndProject
Global
	GlobalSection(SolutionConfigurationPlatforms) = preSolution
		Debug|Any CPU = Debug|Any CPU
		Release|Any CPU = Release|Any CPU
	EndGlobalSection
	GlobalSection(ProjectConfigurationPlatforms) = postSolution
		{80324701-B0E5-49DB-9476-54D3DABB0740}.Debug|Any CPU.ActiveCfg = Debug|Any CPU
		{80324701-B0E5-49DB-9476-54D3DABB0740}.Debug|Any CPU.Build.0 = Debug|Any CPU
		{80324701-B0E5-49DB-9476-54D3DABB0740}.Release|Any CPU.ActiveCfg = Release|Any CPU
		{80324701-B0E5-49DB-9476-54D3DABB0740}.Release|Any CPU.Build.0 = Release|Any CPU
		{98EE9E37-B135-4C29-83AD-9529CB4D87E3}.Debug|Any CPU.ActiveCfg = Debug|Any CPU
		{98EE9E37-B135-4C29-83AD-9529CB4D87E3}.Debug|Any CPU.Build.0 = Debug|Any CPU
		{98EE9E37-B135-4C29-83AD-9529CB4D87E3}.Release|Any CPU.ActiveCfg = Release|Any CPU
		{98EE9E37-B135-4C29-83AD-9529CB4D87E3}.Release|Any CPU.Build.0 = Release|Any CPU
		{396089A0-9489-4EEF-A532-F99E95DD6D82}.Debug|Any CPU.ActiveCfg = Debug|Any CPU
		{396089A0-9489-4EEF-A532-F99E95DD6D82}.Debug|Any CPU.Build.0 = Debug|Any CPU
		{396089A0-9489-4EEF-A532-F99E95DD6D82}.Release|Any CPU.ActiveCfg = Release|Any CPU
		{396089A0-9489-4EEF-A532-F99E95DD6D82}.Release|Any CPU.Build.0 = Release|Any CPU
	EndGlobalSection
	GlobalSection(SolutionProperties) = preSolution
		HideSolutionNode = FALSE
	EndGlobalSection
	GlobalSection(ExtensibilityGlobals) = postSolution
		SolutionGuid = {7B3AF657-55A3-4F58-B50F-A253CA6A070D}
	EndGlobalSection
EndGlobal
